
Microsoft Visual Studio Solution File, Format Version 12.00
# Visual Studio Version 16
VisualStudioVersion = 16.0.30225.117
MinimumVisualStudioVersion = 10.0.40219.1
Project("{2150E333-8FDC-42A3-9474-1A3956D46DE8}") = "Core", "Core", "{7B3F83DD-E010-4BB5-BEF0-BEADEEE444BA}"
EndProject
Project("{2150E333-8FDC-42A3-9474-1A3956D46DE8}") = "Test", "Test", "{17FC4532-E522-4F55-A7AB-A01851B78231}"
EndProject
Project("{2150E333-8FDC-42A3-9474-1A3956D46DE8}") = "Application", "Application", "{6240FC92-CDA9-4689-82A5-0AD5BB884F49}"
EndProject
Project("{2150E333-8FDC-42A3-9474-1A3956D46DE8}") = "Presentation", "Presentation", "{2E2B6933-D591-4E18-9ACF-EF960CB5846F}"
EndProject
Project("{2150E333-8FDC-42A3-9474-1A3956D46DE8}") = "Persistance", "Persistance", "{4396704D-7FF0-41D5-912A-55C39D515BCA}"
EndProject
Project("{9A19103F-16F7-4668-BE54-9A1E7A4F7556}") = "ITQJ.EFCore", "Source\ITQJ.EFCore\ITQJ.EFCore.csproj", "{DC30E29D-65EC-4B68-B883-BA489E68EF96}"
EndProject
Project("{9A19103F-16F7-4668-BE54-9A1E7A4F7556}") = "ITQJ.Domain", "Source\ITQJ.Domain\ITQJ.Domain.csproj", "{3EC74B1F-4F2E-458D-A893-54755FDE36DE}"
EndProject
Project("{9A19103F-16F7-4668-BE54-9A1E7A4F7556}") = "ITQJ.API", "Source\ITQJ.API\ITQJ.API.csproj", "{C044C1C8-332F-4546-966D-702134642D78}"
EndProject
Project("{9A19103F-16F7-4668-BE54-9A1E7A4F7556}") = "ITQJ.EFCore.Test", "Tests\ITQJ.EFCore.Test\ITQJ.EFCore.Test.csproj", "{F510BD31-27D5-4D53-9056-5749AF096A10}"
EndProject
Project("{9A19103F-16F7-4668-BE54-9A1E7A4F7556}") = "ITQJ.API.Test", "Tests\ITQJ.API.Test\ITQJ.API.Test.csproj", "{78507598-24AC-4F37-90B3-B0BA90E3DFDB}"
EndProject
Project("{9A19103F-16F7-4668-BE54-9A1E7A4F7556}") = "ITQJ.WebPWA", "Source\ITQJ.WebPWA\ITQJ.WebPWA.csproj", "{8D336FA9-5E54-40E6-98DE-BB1875BBD271}"
EndProject
Global
	GlobalSection(SolutionConfigurationPlatforms) = preSolution
		Debug|Any CPU = Debug|Any CPU
		Release|Any CPU = Release|Any CPU
	EndGlobalSection
	GlobalSection(ProjectConfigurationPlatforms) = postSolution
		{DC30E29D-65EC-4B68-B883-BA489E68EF96}.Debug|Any CPU.ActiveCfg = Debug|Any CPU
		{DC30E29D-65EC-4B68-B883-BA489E68EF96}.Debug|Any CPU.Build.0 = Debug|Any CPU
		{DC30E29D-65EC-4B68-B883-BA489E68EF96}.Release|Any CPU.ActiveCfg = Release|Any CPU
		{DC30E29D-65EC-4B68-B883-BA489E68EF96}.Release|Any CPU.Build.0 = Release|Any CPU
		{3EC74B1F-4F2E-458D-A893-54755FDE36DE}.Debug|Any CPU.ActiveCfg = Debug|Any CPU
		{3EC74B1F-4F2E-458D-A893-54755FDE36DE}.Debug|Any CPU.Build.0 = Debug|Any CPU
		{3EC74B1F-4F2E-458D-A893-54755FDE36DE}.Release|Any CPU.ActiveCfg = Release|Any CPU
		{3EC74B1F-4F2E-458D-A893-54755FDE36DE}.Release|Any CPU.Build.0 = Release|Any CPU
		{C044C1C8-332F-4546-966D-702134642D78}.Debug|Any CPU.ActiveCfg = Debug|Any CPU
		{C044C1C8-332F-4546-966D-702134642D78}.Debug|Any CPU.Build.0 = Debug|Any CPU
		{C044C1C8-332F-4546-966D-702134642D78}.Release|Any CPU.ActiveCfg = Release|Any CPU
		{C044C1C8-332F-4546-966D-702134642D78}.Release|Any CPU.Build.0 = Release|Any CPU
		{F510BD31-27D5-4D53-9056-5749AF096A10}.Debug|Any CPU.ActiveCfg = Debug|Any CPU
		{F510BD31-27D5-4D53-9056-5749AF096A10}.Debug|Any CPU.Build.0 = Debug|Any CPU
		{F510BD31-27D5-4D53-9056-5749AF096A10}.Release|Any CPU.ActiveCfg = Release|Any CPU
		{F510BD31-27D5-4D53-9056-5749AF096A10}.Release|Any CPU.Build.0 = Release|Any CPU
		{78507598-24AC-4F37-90B3-B0BA90E3DFDB}.Debug|Any CPU.ActiveCfg = Debug|Any CPU
		{78507598-24AC-4F37-90B3-B0BA90E3DFDB}.Debug|Any CPU.Build.0 = Debug|Any CPU
		{78507598-24AC-4F37-90B3-B0BA90E3DFDB}.Release|Any CPU.ActiveCfg = Release|Any CPU
		{78507598-24AC-4F37-90B3-B0BA90E3DFDB}.Release|Any CPU.Build.0 = Release|Any CPU
		{8D336FA9-5E54-40E6-98DE-BB1875BBD271}.Debug|Any CPU.ActiveCfg = Debug|Any CPU
		{8D336FA9-5E54-40E6-98DE-BB1875BBD271}.Debug|Any CPU.Build.0 = Debug|Any CPU
		{8D336FA9-5E54-40E6-98DE-BB1875BBD271}.Release|Any CPU.ActiveCfg = Release|Any CPU
		{8D336FA9-5E54-40E6-98DE-BB1875BBD271}.Release|Any CPU.Build.0 = Release|Any CPU
	EndGlobalSection
	GlobalSection(SolutionProperties) = preSolution
		HideSolutionNode = FALSE
	EndGlobalSection
	GlobalSection(NestedProjects) = preSolution
		{DC30E29D-65EC-4B68-B883-BA489E68EF96} = {4396704D-7FF0-41D5-912A-55C39D515BCA}
		{3EC74B1F-4F2E-458D-A893-54755FDE36DE} = {7B3F83DD-E010-4BB5-BEF0-BEADEEE444BA}
		{C044C1C8-332F-4546-966D-702134642D78} = {6240FC92-CDA9-4689-82A5-0AD5BB884F49}
		{F510BD31-27D5-4D53-9056-5749AF096A10} = {17FC4532-E522-4F55-A7AB-A01851B78231}
		{78507598-24AC-4F37-90B3-B0BA90E3DFDB} = {17FC4532-E522-4F55-A7AB-A01851B78231}
		{8D336FA9-5E54-40E6-98DE-BB1875BBD271} = {2E2B6933-D591-4E18-9ACF-EF960CB5846F}
	EndGlobalSection
	GlobalSection(ExtensibilityGlobals) = postSolution
		SolutionGuid = {D70DDC25-E66A-48B0-89DE-6B1F8F28A97F}
	EndGlobalSection
EndGlobal
